<?xml version="1.0" encoding="utf-8"?>
<Project ToolsVersion="4.0" xmlns="http://schemas.microsoft.com/developer/msbuild/2003">
  <ItemGroup>
    <ClCompile Include="Application.cpp">
      <Filter>Source Files</Filter>
    </ClCompile>
    <ClCompile Include="Database.cpp">
      <Filter>Source Files</Filter>
    </ClCompile>
    <ClCompile Include="GlContext.cpp">
      <Filter>Source Files</Filter>
    </ClCompile>
    <ClCompile Include="GlShader.cpp">
      <Filter>Source Files</Filter>
    </ClCompile>
    <ClCompile Include="GlTextRenderer.cpp">
      <Filter>Source Files</Filter>
    </ClCompile>
    <ClCompile Include="GlTexture.cpp">
      <Filter>Source Files</Filter>
    </ClCompile>
    <ClCompile Include="GlVertexBuffer.cpp">
      <Filter>Source Files</Filter>
    </ClCompile>
    <ClCompile Include="MediaInterface.cpp">
      <Filter>Source Files</Filter>
    </ClCompile>
    <ClCompile Include="MediaItem.cpp">
      <Filter>Source Files</Filter>
    </ClCompile>
    <ClCompile Include="MediaItemDemo.cpp">
      <Filter>Source Files</Filter>
    </ClCompile>
    <ClCompile Include="MediaItemMovie.cpp">
      <Filter>Source Files</Filter>
    </ClCompile>
    <ClCompile Include="MediaItemSong.cpp">
      <Filter>Source Files</Filter>
    </ClCompile>
    <ClCompile Include="main.cpp">
      <Filter>Source Files</Filter>
    </ClCompile>
    <ClCompile Include="ScreenFlow.cpp">
      <Filter>Source Files</Filter>
    </ClCompile>
    <ClCompile Include="ScreenHome.cpp">
      <Filter>Source Files</Filter>
    </ClCompile>
    <ClCompile Include="ScreenList.cpp">
      <Filter>Source Files</Filter>
    </ClCompile>
    <ClCompile Include="ScreenMediaPlayer.cpp">
      <Filter>Source Files</Filter>
    </ClCompile>
    <ClCompile Include="ScreenSelector.cpp">
      <Filter>Source Files</Filter>
    </ClCompile>
    <ClCompile Include="Settings.cpp">
      <Filter>Source Files</Filter>
    </ClCompile>
  </ItemGroup>
  <ItemGroup>
    <ClInclude Include="Application.h">
      <Filter>Header Files</Filter>
    </ClInclude>
    <ClInclude Include="Database.h">
      <Filter>Header Files</Filter>
    </ClInclude>
    <ClInclude Include="GlContext.h">
      <Filter>Header Files</Filter>
    </ClInclude>
    <ClInclude Include="GlShader.h">
      <Filter>Header Files</Filter>
    </ClInclude>
    <ClInclude Include="GlTextRenderer.h">
      <Filter>Header Files</Filter>
    </ClInclude>
    <ClInclude Include="GlTexture.h">
      <Filter>Header Files</Filter>
    </ClInclude>
    <ClInclude Include="GlVertexBuffer.h">
      <Filter>Header Files</Filter>
    </ClInclude>
    <ClInclude Include="MediaInterface.h">
      <Filter>Header Files</Filter>
    </ClInclude>
    <ClInclude Include="MediaItem.h">
      <Filter>Header Files</Filter>
    </ClInclude>
    <ClInclude Include="MediaItemDemo.h">
      <Filter>Header Files</Filter>
    </ClInclude>
    <ClInclude Include="MediaItemMovie.h">
      <Filter>Header Files</Filter>
    </ClInclude>
    <ClInclude Include="MediaItemSong.h">
      <Filter>Header Files</Filter>
    </ClInclude>
    <ClInclude Include="ScreenFlow.h">
      <Filter>Header Files</Filter>
    </ClInclude>
    <ClInclude Include="ScreenHome.h">
      <Filter>Header Files</Filter>
    </ClInclude>
    <ClInclude Include="ScreenInterface.h">
      <Filter>Header Files</Filter>
    </ClInclude>
    <ClInclude Include="ScreenList.h">
      <Filter>Header Files</Filter>
    </ClInclude>
    <ClInclude Include="ScreenMediaPlayer.h">
      <Filter>Header Files</Filter>
    </ClInclude>
    <ClInclude Include="ScreenSelector.h">
      <Filter>Header Files</Filter>
    </ClInclude>
    <ClInclude Include="Settings.h">
      <Filter>Header Files</Filter>
    </ClInclude>
    <ClInclude Include="xtd_Signal.h">
      <Filter>Header Files</Filter>
    </ClInclude>
  </ItemGroup>
  <ItemGroup>
    <Filter Include="Header Files">
      <UniqueIdentifier>{1d9e6f10-6154-407a-a1b8-65f780eda46f}</UniqueIdentifier>
    </Filter>
    <Filter Include="Source Files">
      <UniqueIdentifier>{f417544d-56a6-451d-9a84-d653ce1a6462}</UniqueIdentifier>
    </Filter>
  </ItemGroup>
</Project>